
Microsoft Visual Studio Solution File, Format Version 12.00
# Visual Studio 15
VisualStudioVersion = 15.0.28307.271
MinimumVisualStudioVersion = 10.0.40219.1
Project("{FAE04EC0-301F-11D3-BF4B-00C04F79EFBC}") = "GenericsClass08", "GenericsClass08\GenericsClass08.csproj", "{221A61FC-D4AD-47BC-8DCF-6E369C6D6562}"
EndProject
Project("{FAE04EC0-301F-11D3-BF4B-00C04F79EFBC}") = "CatTest", "CatTest\CatTest.csproj", "{1912D50B-BEEA-4D66-8A36-048D79F17364}"
EndProject
Global
	GlobalSection(SolutionConfigurationPlatforms) = preSolution
		Debug|Any CPU = Debug|Any CPU
		Release|Any CPU = Release|Any CPU
	EndGlobalSection
	GlobalSection(ProjectConfigurationPlatforms) = postSolution
		{221A61FC-D4AD-47BC-8DCF-6E369C6D6562}.Debug|Any CPU.ActiveCfg = Debug|Any CPU
		{221A61FC-D4AD-47BC-8DCF-6E369C6D6562}.Debug|Any CPU.Build.0 = Debug|Any CPU
		{221A61FC-D4AD-47BC-8DCF-6E369C6D6562}.Release|Any CPU.ActiveCfg = Release|Any CPU
		{221A61FC-D4AD-47BC-8DCF-6E369C6D6562}.Release|Any CPU.Build.0 = Release|Any CPU
		{1912D50B-BEEA-4D66-8A36-048D79F17364}.Debug|Any CPU.ActiveCfg = Debug|Any CPU
		{1912D50B-BEEA-4D66-8A36-048D79F17364}.Debug|Any CPU.Build.0 = Debug|Any CPU
		{1912D50B-BEEA-4D66-8A36-048D79F17364}.Release|Any CPU.ActiveCfg = Release|Any CPU
		{1912D50B-BEEA-4D66-8A36-048D79F17364}.Release|Any CPU.Build.0 = Release|Any CPU
	EndGlobalSection
	GlobalSection(SolutionProperties) = preSolution
		HideSolutionNode = FALSE
	EndGlobalSection
	GlobalSection(ExtensibilityGlobals) = postSolution
		SolutionGuid = {73220ABC-CF26-49CD-A2C7-7B031F1BFA96}
	EndGlobalSection
EndGlobal
