
Microsoft Visual Studio Solution File, Format Version 12.00
# Visual Studio 15
VisualStudioVersion = 15.0.28307.271
MinimumVisualStudioVersion = 10.0.40219.1
Project("{FAE04EC0-301F-11D3-BF4B-00C04F79EFBC}") = "WebApplication15", "WebApplication15\WebApplication15.csproj", "{581C284E-5EFD-46E1-A419-C59CECAF18ED}"
EndProject
Global
	GlobalSection(SolutionConfigurationPlatforms) = preSolution
		Debug|Any CPU = Debug|Any CPU
		Release|Any CPU = Release|Any CPU
	EndGlobalSection
	GlobalSection(ProjectConfigurationPlatforms) = postSolution
		{581C284E-5EFD-46E1-A419-C59CECAF18ED}.Debug|Any CPU.ActiveCfg = Debug|Any CPU
		{581C284E-5EFD-46E1-A419-C59CECAF18ED}.Debug|Any CPU.Build.0 = Debug|Any CPU
		{581C284E-5EFD-46E1-A419-C59CECAF18ED}.Release|Any CPU.ActiveCfg = Release|Any CPU
		{581C284E-5EFD-46E1-A419-C59CECAF18ED}.Release|Any CPU.Build.0 = Release|Any CPU
	EndGlobalSection
	GlobalSection(SolutionProperties) = preSolution
		HideSolutionNode = FALSE
	EndGlobalSection
	GlobalSection(ExtensibilityGlobals) = postSolution
		SolutionGuid = {34B57D9E-7C59-4FBF-B048-9F0456447830}
	EndGlobalSection
EndGlobal
