
Microsoft Visual Studio Solution File, Format Version 12.00
# Visual Studio 15
VisualStudioVersion = 15.0.28307.271
MinimumVisualStudioVersion = 10.0.40219.1
Project("{FAE04EC0-301F-11D3-BF4B-00C04F79EFBC}") = "Class7InterfacesDemo", "Class7InterfacesDemo\Class7InterfacesDemo.csproj", "{495197C7-B517-4548-9100-811A58F56765}"
EndProject
Global
	GlobalSection(SolutionConfigurationPlatforms) = preSolution
		Debug|Any CPU = Debug|Any CPU
		Release|Any CPU = Release|Any CPU
	EndGlobalSection
	GlobalSection(ProjectConfigurationPlatforms) = postSolution
		{495197C7-B517-4548-9100-811A58F56765}.Debug|Any CPU.ActiveCfg = Debug|Any CPU
		{495197C7-B517-4548-9100-811A58F56765}.Debug|Any CPU.Build.0 = Debug|Any CPU
		{495197C7-B517-4548-9100-811A58F56765}.Release|Any CPU.ActiveCfg = Release|Any CPU
		{495197C7-B517-4548-9100-811A58F56765}.Release|Any CPU.Build.0 = Release|Any CPU
	EndGlobalSection
	GlobalSection(SolutionProperties) = preSolution
		HideSolutionNode = FALSE
	EndGlobalSection
	GlobalSection(ExtensibilityGlobals) = postSolution
		SolutionGuid = {A8ADB461-98AF-4CBA-9733-2A54C016B721}
	EndGlobalSection
EndGlobal
