
Microsoft Visual Studio Solution File, Format Version 12.00
# Visual Studio 15
VisualStudioVersion = 15.0.28010.2041
MinimumVisualStudioVersion = 10.0.40219.1
Project("{FAE04EC0-301F-11D3-BF4B-00C04F79EFBC}") = "Day06_LinkedList", "Day06_LinkedList\Day06_LinkedList.csproj", "{4D0B21CD-6C7D-484F-AECA-1744B6927DF0}"
EndProject
Global
	GlobalSection(SolutionConfigurationPlatforms) = preSolution
		Debug|Any CPU = Debug|Any CPU
		Release|Any CPU = Release|Any CPU
	EndGlobalSection
	GlobalSection(ProjectConfigurationPlatforms) = postSolution
		{4D0B21CD-6C7D-484F-AECA-1744B6927DF0}.Debug|Any CPU.ActiveCfg = Debug|Any CPU
		{4D0B21CD-6C7D-484F-AECA-1744B6927DF0}.Debug|Any CPU.Build.0 = Debug|Any CPU
		{4D0B21CD-6C7D-484F-AECA-1744B6927DF0}.Release|Any CPU.ActiveCfg = Release|Any CPU
		{4D0B21CD-6C7D-484F-AECA-1744B6927DF0}.Release|Any CPU.Build.0 = Release|Any CPU
	EndGlobalSection
	GlobalSection(SolutionProperties) = preSolution
		HideSolutionNode = FALSE
	EndGlobalSection
	GlobalSection(ExtensibilityGlobals) = postSolution
		SolutionGuid = {34F9B99E-E41F-43CF-9056-72AD3247BE8E}
	EndGlobalSection
EndGlobal
