
Microsoft Visual Studio Solution File, Format Version 12.00
# Visual Studio 15
VisualStudioVersion = 15.0.28307.271
MinimumVisualStudioVersion = 10.0.40219.1
Project("{FAE04EC0-301F-11D3-BF4B-00C04F79EFBC}") = "UnitTestingFizzBuzz", "UnitTestingFizzBuzz\UnitTestingFizzBuzz.csproj", "{642ECBEB-F14E-4B34-B2A9-2DD0E13E219D}"
EndProject
Project("{FAE04EC0-301F-11D3-BF4B-00C04F79EFBC}") = "FizzBuzzTests", "FizzBuzzTests\FizzBuzzTests.csproj", "{93A22C40-2A21-41EB-A3D4-4A5AE46AF441}"
EndProject
Global
	GlobalSection(SolutionConfigurationPlatforms) = preSolution
		Debug|Any CPU = Debug|Any CPU
		Release|Any CPU = Release|Any CPU
	EndGlobalSection
	GlobalSection(ProjectConfigurationPlatforms) = postSolution
		{642ECBEB-F14E-4B34-B2A9-2DD0E13E219D}.Debug|Any CPU.ActiveCfg = Debug|Any CPU
		{642ECBEB-F14E-4B34-B2A9-2DD0E13E219D}.Debug|Any CPU.Build.0 = Debug|Any CPU
		{642ECBEB-F14E-4B34-B2A9-2DD0E13E219D}.Release|Any CPU.ActiveCfg = Release|Any CPU
		{642ECBEB-F14E-4B34-B2A9-2DD0E13E219D}.Release|Any CPU.Build.0 = Release|Any CPU
		{93A22C40-2A21-41EB-A3D4-4A5AE46AF441}.Debug|Any CPU.ActiveCfg = Debug|Any CPU
		{93A22C40-2A21-41EB-A3D4-4A5AE46AF441}.Debug|Any CPU.Build.0 = Debug|Any CPU
		{93A22C40-2A21-41EB-A3D4-4A5AE46AF441}.Release|Any CPU.ActiveCfg = Release|Any CPU
		{93A22C40-2A21-41EB-A3D4-4A5AE46AF441}.Release|Any CPU.Build.0 = Release|Any CPU
	EndGlobalSection
	GlobalSection(SolutionProperties) = preSolution
		HideSolutionNode = FALSE
	EndGlobalSection
	GlobalSection(ExtensibilityGlobals) = postSolution
		SolutionGuid = {AF8E9237-EFF4-47AC-90C2-549831C72DA5}
	EndGlobalSection
EndGlobal
