
Microsoft Visual Studio Solution File, Format Version 12.00
# Visual Studio 15
VisualStudioVersion = 15.0.27703.2035
MinimumVisualStudioVersion = 10.0.40219.1
Project("{FAE04EC0-301F-11D3-BF4B-00C04F79EFBC}") = "CircularLinkedList", "CircularLinkedList\CircularLinkedList.csproj", "{A84BC985-ECCF-428D-9F4C-396BBE4827E9}"
EndProject
Global
	GlobalSection(SolutionConfigurationPlatforms) = preSolution
		Debug|Any CPU = Debug|Any CPU
		Release|Any CPU = Release|Any CPU
	EndGlobalSection
	GlobalSection(ProjectConfigurationPlatforms) = postSolution
		{A84BC985-ECCF-428D-9F4C-396BBE4827E9}.Debug|Any CPU.ActiveCfg = Debug|Any CPU
		{A84BC985-ECCF-428D-9F4C-396BBE4827E9}.Debug|Any CPU.Build.0 = Debug|Any CPU
		{A84BC985-ECCF-428D-9F4C-396BBE4827E9}.Release|Any CPU.ActiveCfg = Release|Any CPU
		{A84BC985-ECCF-428D-9F4C-396BBE4827E9}.Release|Any CPU.Build.0 = Release|Any CPU
	EndGlobalSection
	GlobalSection(SolutionProperties) = preSolution
		HideSolutionNode = FALSE
	EndGlobalSection
	GlobalSection(ExtensibilityGlobals) = postSolution
		SolutionGuid = {2C1FC633-3874-4790-BC95-5841F833E27D}
	EndGlobalSection
EndGlobal
