
Microsoft Visual Studio Solution File, Format Version 12.00
# Visual Studio 15
VisualStudioVersion = 15.0.28307.271
MinimumVisualStudioVersion = 10.0.40219.1
Project("{9A19103F-16F7-4668-BE54-9A1E7A4F7556}") = "CMSBlogPost", "CMSBlogPost\CMSBlogPost.csproj", "{A1BD8FB4-00A6-4F0E-A73C-50A8C8E0851F}"
EndProject
Global
	GlobalSection(SolutionConfigurationPlatforms) = preSolution
		Debug|Any CPU = Debug|Any CPU
		Release|Any CPU = Release|Any CPU
	EndGlobalSection
	GlobalSection(ProjectConfigurationPlatforms) = postSolution
		{A1BD8FB4-00A6-4F0E-A73C-50A8C8E0851F}.Debug|Any CPU.ActiveCfg = Debug|Any CPU
		{A1BD8FB4-00A6-4F0E-A73C-50A8C8E0851F}.Debug|Any CPU.Build.0 = Debug|Any CPU
		{A1BD8FB4-00A6-4F0E-A73C-50A8C8E0851F}.Release|Any CPU.ActiveCfg = Release|Any CPU
		{A1BD8FB4-00A6-4F0E-A73C-50A8C8E0851F}.Release|Any CPU.Build.0 = Release|Any CPU
	EndGlobalSection
	GlobalSection(SolutionProperties) = preSolution
		HideSolutionNode = FALSE
	EndGlobalSection
	GlobalSection(ExtensibilityGlobals) = postSolution
		SolutionGuid = {17F794A0-7301-44D0-9B19-66206302E791}
	EndGlobalSection
EndGlobal
