
Microsoft Visual Studio Solution File, Format Version 12.00
# Visual Studio 15
VisualStudioVersion = 15.0.28307.271
MinimumVisualStudioVersion = 10.0.40219.1
Project("{FAE04EC0-301F-11D3-BF4B-00C04F79EFBC}") = "Class01Demo", "Class01Demo\Class01Demo.csproj", "{37370DB9-6B60-413B-BD83-AC304FB41A65}"
EndProject
Global
	GlobalSection(SolutionConfigurationPlatforms) = preSolution
		Debug|Any CPU = Debug|Any CPU
		Release|Any CPU = Release|Any CPU
	EndGlobalSection
	GlobalSection(ProjectConfigurationPlatforms) = postSolution
		{37370DB9-6B60-413B-BD83-AC304FB41A65}.Debug|Any CPU.ActiveCfg = Debug|Any CPU
		{37370DB9-6B60-413B-BD83-AC304FB41A65}.Debug|Any CPU.Build.0 = Debug|Any CPU
		{37370DB9-6B60-413B-BD83-AC304FB41A65}.Release|Any CPU.ActiveCfg = Release|Any CPU
		{37370DB9-6B60-413B-BD83-AC304FB41A65}.Release|Any CPU.Build.0 = Release|Any CPU
	EndGlobalSection
	GlobalSection(SolutionProperties) = preSolution
		HideSolutionNode = FALSE
	EndGlobalSection
	GlobalSection(ExtensibilityGlobals) = postSolution
		SolutionGuid = {63AC3D05-A680-49DF-A9CD-23140A8341C2}
	EndGlobalSection
EndGlobal
